
Microsoft Visual Studio Solution File, Format Version 12.00
# Visual Studio Version 17
VisualStudioVersion = 17.5.002.0
MinimumVisualStudioVersion = 10.0.40219.1
Project("{9A19103F-16F7-4668-BE54-9A1E7A4F7556}") = "crud-adonet-sqlserver", "crud-adonet-sqlserver.csproj", "{1A037380-02DC-4AD6-B98C-9B7C643CAAF1}"
EndProject
Global
	GlobalSection(SolutionConfigurationPlatforms) = preSolution
		Debug|Any CPU = Debug|Any CPU
		Release|Any CPU = Release|Any CPU
	EndGlobalSection
	GlobalSection(ProjectConfigurationPlatforms) = postSolution
		{1A037380-02DC-4AD6-B98C-9B7C643CAAF1}.Debug|Any CPU.ActiveCfg = Debug|Any CPU
		{1A037380-02DC-4AD6-B98C-9B7C643CAAF1}.Debug|Any CPU.Build.0 = Debug|Any CPU
		{1A037380-02DC-4AD6-B98C-9B7C643CAAF1}.Release|Any CPU.ActiveCfg = Release|Any CPU
		{1A037380-02DC-4AD6-B98C-9B7C643CAAF1}.Release|Any CPU.Build.0 = Release|Any CPU
	EndGlobalSection
	GlobalSection(SolutionProperties) = preSolution
		HideSolutionNode = FALSE
	EndGlobalSection
	GlobalSection(ExtensibilityGlobals) = postSolution
		SolutionGuid = {39ED3C23-7D3F-490D-9060-FC21FE98565A}
	EndGlobalSection
EndGlobal
